
Microsoft Visual Studio Solution File, Format Version 12.00
Project("{FAE04EC0-301F-11D3-BF4B-00C04F79EFBC}") = "FlowX", "src\FlowX\FlowX.csproj", "{10428EF3-8BA7-43FC-B667-A8F6C7D3A519}"
EndProject
Project("{FAE04EC0-301F-11D3-BF4B-00C04F79EFBC}") = "FlowX.EntityFrameworkCore", "src\FlowX.EntityFrameworkCore\FlowX.EntityFrameworkCore.csproj", "{C19DD816-2FD9-46F9-9F1C-60CA4DDA7D64}"
EndProject
Project("{FAE04EC0-301F-11D3-BF4B-00C04F79EFBC}") = "FlowX.Tests", "src\FlowX.Tests\FlowX.Tests.csproj", "{83716F2C-3287-4DB8-BA29-839F4E870163}"
EndProject
Project("{FAE04EC0-301F-11D3-BF4B-00C04F79EFBC}") = "FlowX.Nats", "src\FlowX.Nats\FlowX.Nats.csproj", "{37EA85A7-44C5-41E9-B8CD-59DA038B6822}"
EndProject
Project("{2150E333-8FDC-42A3-9474-1A3956D46DE8}") = "FlowX.Core", "FlowX.Core", "{1EACC6C0-77AC-4B9E-B5E9-31285AABC480}"
EndProject
Project("{2150E333-8FDC-42A3-9474-1A3956D46DE8}") = "FlowX.DataProviders", "FlowX.DataProviders", "{D3F7B243-B2ED-4C85-A752-3F0816663336}"
EndProject
Project("{2150E333-8FDC-42A3-9474-1A3956D46DE8}") = "FlowX.Transports", "FlowX.Transports", "{51D6BA9E-0009-4F2E-B3D5-6565B125230E}"
EndProject
Project("{2150E333-8FDC-42A3-9474-1A3956D46DE8}") = "Tests", "Tests", "{0CCFD287-BB78-4739-AA92-4E72DEEE1D76}"
EndProject
Project("{FAE04EC0-301F-11D3-BF4B-00C04F79EFBC}") = "Service1", "Tests\Service1\Service1.csproj", "{7A01BC69-4704-4DA2-8A7B-59F7EDCBE038}"
EndProject
Project("{FAE04EC0-301F-11D3-BF4B-00C04F79EFBC}") = "Service2", "Tests\Service2\Service2.csproj", "{33F3BF23-7001-45DB-98B7-F03D3BB59A8D}"
EndProject
Project("{FAE04EC0-301F-11D3-BF4B-00C04F79EFBC}") = "Service1.Contracts", "Tests\Service1.Contracts\Service1.Contracts.csproj", "{BF701BF4-5D29-4033-A243-E6668656360B}"
EndProject
Project("{2150E333-8FDC-42A3-9474-1A3956D46DE8}") = "Contracts", "Contracts", "{1A7DCDBB-CC64-4C29-8BBE-0475946F4054}"
EndProject
Project("{FAE04EC0-301F-11D3-BF4B-00C04F79EFBC}") = "Service2.Contracts", "Tests\Service2.Contracts\Service2.Contracts.csproj", "{87CA3CE7-A8BF-4E6C-9871-359FBACC88C3}"
EndProject
Project("{FAE04EC0-301F-11D3-BF4B-00C04F79EFBC}") = "Kernel", "Tests\Kernel\Kernel.csproj", "{375A787F-CA47-4C66-B105-5CE6C5C4B647}"
EndProject
Project("{FAE04EC0-301F-11D3-BF4B-00C04F79EFBC}") = "FlowX.Azure.ServiceBus", "src\FlowX.Azure.ServiceBus\FlowX.Azure.ServiceBus.csproj", "{A761A25D-1003-427E-A1D6-55B09DEF9677}"
EndProject
Global
	GlobalSection(SolutionConfigurationPlatforms) = preSolution
		Debug|Any CPU = Debug|Any CPU
		Release|Any CPU = Release|Any CPU
	EndGlobalSection
	GlobalSection(ProjectConfigurationPlatforms) = postSolution
		{10428EF3-8BA7-43FC-B667-A8F6C7D3A519}.Debug|Any CPU.ActiveCfg = Debug|Any CPU
		{10428EF3-8BA7-43FC-B667-A8F6C7D3A519}.Debug|Any CPU.Build.0 = Debug|Any CPU
		{10428EF3-8BA7-43FC-B667-A8F6C7D3A519}.Release|Any CPU.ActiveCfg = Release|Any CPU
		{10428EF3-8BA7-43FC-B667-A8F6C7D3A519}.Release|Any CPU.Build.0 = Release|Any CPU
		{C19DD816-2FD9-46F9-9F1C-60CA4DDA7D64}.Debug|Any CPU.ActiveCfg = Debug|Any CPU
		{C19DD816-2FD9-46F9-9F1C-60CA4DDA7D64}.Debug|Any CPU.Build.0 = Debug|Any CPU
		{C19DD816-2FD9-46F9-9F1C-60CA4DDA7D64}.Release|Any CPU.ActiveCfg = Release|Any CPU
		{C19DD816-2FD9-46F9-9F1C-60CA4DDA7D64}.Release|Any CPU.Build.0 = Release|Any CPU
		{83716F2C-3287-4DB8-BA29-839F4E870163}.Debug|Any CPU.ActiveCfg = Debug|Any CPU
		{83716F2C-3287-4DB8-BA29-839F4E870163}.Debug|Any CPU.Build.0 = Debug|Any CPU
		{83716F2C-3287-4DB8-BA29-839F4E870163}.Release|Any CPU.ActiveCfg = Release|Any CPU
		{83716F2C-3287-4DB8-BA29-839F4E870163}.Release|Any CPU.Build.0 = Release|Any CPU
		{37EA85A7-44C5-41E9-B8CD-59DA038B6822}.Debug|Any CPU.ActiveCfg = Debug|Any CPU
		{37EA85A7-44C5-41E9-B8CD-59DA038B6822}.Debug|Any CPU.Build.0 = Debug|Any CPU
		{37EA85A7-44C5-41E9-B8CD-59DA038B6822}.Release|Any CPU.ActiveCfg = Release|Any CPU
		{37EA85A7-44C5-41E9-B8CD-59DA038B6822}.Release|Any CPU.Build.0 = Release|Any CPU
		{7A01BC69-4704-4DA2-8A7B-59F7EDCBE038}.Debug|Any CPU.ActiveCfg = Debug|Any CPU
		{7A01BC69-4704-4DA2-8A7B-59F7EDCBE038}.Debug|Any CPU.Build.0 = Debug|Any CPU
		{7A01BC69-4704-4DA2-8A7B-59F7EDCBE038}.Release|Any CPU.ActiveCfg = Release|Any CPU
		{7A01BC69-4704-4DA2-8A7B-59F7EDCBE038}.Release|Any CPU.Build.0 = Release|Any CPU
		{33F3BF23-7001-45DB-98B7-F03D3BB59A8D}.Debug|Any CPU.ActiveCfg = Debug|Any CPU
		{33F3BF23-7001-45DB-98B7-F03D3BB59A8D}.Debug|Any CPU.Build.0 = Debug|Any CPU
		{33F3BF23-7001-45DB-98B7-F03D3BB59A8D}.Release|Any CPU.ActiveCfg = Release|Any CPU
		{33F3BF23-7001-45DB-98B7-F03D3BB59A8D}.Release|Any CPU.Build.0 = Release|Any CPU
		{BF701BF4-5D29-4033-A243-E6668656360B}.Debug|Any CPU.ActiveCfg = Debug|Any CPU
		{BF701BF4-5D29-4033-A243-E6668656360B}.Debug|Any CPU.Build.0 = Debug|Any CPU
		{BF701BF4-5D29-4033-A243-E6668656360B}.Release|Any CPU.ActiveCfg = Release|Any CPU
		{BF701BF4-5D29-4033-A243-E6668656360B}.Release|Any CPU.Build.0 = Release|Any CPU
		{87CA3CE7-A8BF-4E6C-9871-359FBACC88C3}.Debug|Any CPU.ActiveCfg = Debug|Any CPU
		{87CA3CE7-A8BF-4E6C-9871-359FBACC88C3}.Debug|Any CPU.Build.0 = Debug|Any CPU
		{87CA3CE7-A8BF-4E6C-9871-359FBACC88C3}.Release|Any CPU.ActiveCfg = Release|Any CPU
		{87CA3CE7-A8BF-4E6C-9871-359FBACC88C3}.Release|Any CPU.Build.0 = Release|Any CPU
		{375A787F-CA47-4C66-B105-5CE6C5C4B647}.Debug|Any CPU.ActiveCfg = Debug|Any CPU
		{375A787F-CA47-4C66-B105-5CE6C5C4B647}.Debug|Any CPU.Build.0 = Debug|Any CPU
		{375A787F-CA47-4C66-B105-5CE6C5C4B647}.Release|Any CPU.ActiveCfg = Release|Any CPU
		{375A787F-CA47-4C66-B105-5CE6C5C4B647}.Release|Any CPU.Build.0 = Release|Any CPU
		{A761A25D-1003-427E-A1D6-55B09DEF9677}.Debug|Any CPU.ActiveCfg = Debug|Any CPU
		{A761A25D-1003-427E-A1D6-55B09DEF9677}.Debug|Any CPU.Build.0 = Debug|Any CPU
		{A761A25D-1003-427E-A1D6-55B09DEF9677}.Release|Any CPU.ActiveCfg = Release|Any CPU
		{A761A25D-1003-427E-A1D6-55B09DEF9677}.Release|Any CPU.Build.0 = Release|Any CPU
	EndGlobalSection
	GlobalSection(NestedProjects) = preSolution
		{10428EF3-8BA7-43FC-B667-A8F6C7D3A519} = {1EACC6C0-77AC-4B9E-B5E9-31285AABC480}
		{C19DD816-2FD9-46F9-9F1C-60CA4DDA7D64} = {D3F7B243-B2ED-4C85-A752-3F0816663336}
		{37EA85A7-44C5-41E9-B8CD-59DA038B6822} = {51D6BA9E-0009-4F2E-B3D5-6565B125230E}
		{7A01BC69-4704-4DA2-8A7B-59F7EDCBE038} = {0CCFD287-BB78-4739-AA92-4E72DEEE1D76}
		{33F3BF23-7001-45DB-98B7-F03D3BB59A8D} = {0CCFD287-BB78-4739-AA92-4E72DEEE1D76}
		{1A7DCDBB-CC64-4C29-8BBE-0475946F4054} = {0CCFD287-BB78-4739-AA92-4E72DEEE1D76}
		{BF701BF4-5D29-4033-A243-E6668656360B} = {1A7DCDBB-CC64-4C29-8BBE-0475946F4054}
		{87CA3CE7-A8BF-4E6C-9871-359FBACC88C3} = {1A7DCDBB-CC64-4C29-8BBE-0475946F4054}
		{375A787F-CA47-4C66-B105-5CE6C5C4B647} = {1A7DCDBB-CC64-4C29-8BBE-0475946F4054}
		{A761A25D-1003-427E-A1D6-55B09DEF9677} = {51D6BA9E-0009-4F2E-B3D5-6565B125230E}
	EndGlobalSection
EndGlobal
