
Microsoft Visual Studio Solution File, Format Version 12.00
Project("{FAE04EC0-301F-11D3-BF4B-00C04F79EFBC}") = "FlowX", "src\FlowX\FlowX.csproj", "{10428EF3-8BA7-43FC-B667-A8F6C7D3A519}"
EndProject
Project("{FAE04EC0-301F-11D3-BF4B-00C04F79EFBC}") = "FlowX.EntityFrameworkCore", "src\FlowX.EntityFrameworkCore\FlowX.EntityFrameworkCore.csproj", "{C19DD816-2FD9-46F9-9F1C-60CA4DDA7D64}"
EndProject
Project("{FAE04EC0-301F-11D3-BF4B-00C04F79EFBC}") = "FlowX.Tests", "src\FlowX.Tests\FlowX.Tests.csproj", "{83716F2C-3287-4DB8-BA29-839F4E870163}"
EndProject
Project("{FAE04EC0-301F-11D3-BF4B-00C04F79EFBC}") = "FlowX.Nats", "src\FlowX.Nats\FlowX.Nats.csproj", "{37EA85A7-44C5-41E9-B8CD-59DA038B6822}"
EndProject
Project("{2150E333-8FDC-42A3-9474-1A3956D46DE8}") = "FlowX.Core", "FlowX.Core", "{1EACC6C0-77AC-4B9E-B5E9-31285AABC480}"
EndProject
Project("{2150E333-8FDC-42A3-9474-1A3956D46DE8}") = "FlowX.DataProviders", "FlowX.DataProviders", "{D3F7B243-B2ED-4C85-A752-3F0816663336}"
EndProject
Project("{2150E333-8FDC-42A3-9474-1A3956D46DE8}") = "FlowX.Transports", "FlowX.Transports", "{51D6BA9E-0009-4F2E-B3D5-6565B125230E}"
EndProject
Global
	GlobalSection(SolutionConfigurationPlatforms) = preSolution
		Debug|Any CPU = Debug|Any CPU
		Release|Any CPU = Release|Any CPU
	EndGlobalSection
	GlobalSection(ProjectConfigurationPlatforms) = postSolution
		{10428EF3-8BA7-43FC-B667-A8F6C7D3A519}.Debug|Any CPU.ActiveCfg = Debug|Any CPU
		{10428EF3-8BA7-43FC-B667-A8F6C7D3A519}.Debug|Any CPU.Build.0 = Debug|Any CPU
		{10428EF3-8BA7-43FC-B667-A8F6C7D3A519}.Release|Any CPU.ActiveCfg = Release|Any CPU
		{10428EF3-8BA7-43FC-B667-A8F6C7D3A519}.Release|Any CPU.Build.0 = Release|Any CPU
		{C19DD816-2FD9-46F9-9F1C-60CA4DDA7D64}.Debug|Any CPU.ActiveCfg = Debug|Any CPU
		{C19DD816-2FD9-46F9-9F1C-60CA4DDA7D64}.Debug|Any CPU.Build.0 = Debug|Any CPU
		{C19DD816-2FD9-46F9-9F1C-60CA4DDA7D64}.Release|Any CPU.ActiveCfg = Release|Any CPU
		{C19DD816-2FD9-46F9-9F1C-60CA4DDA7D64}.Release|Any CPU.Build.0 = Release|Any CPU
		{83716F2C-3287-4DB8-BA29-839F4E870163}.Debug|Any CPU.ActiveCfg = Debug|Any CPU
		{83716F2C-3287-4DB8-BA29-839F4E870163}.Debug|Any CPU.Build.0 = Debug|Any CPU
		{83716F2C-3287-4DB8-BA29-839F4E870163}.Release|Any CPU.ActiveCfg = Release|Any CPU
		{83716F2C-3287-4DB8-BA29-839F4E870163}.Release|Any CPU.Build.0 = Release|Any CPU
		{37EA85A7-44C5-41E9-B8CD-59DA038B6822}.Debug|Any CPU.ActiveCfg = Debug|Any CPU
		{37EA85A7-44C5-41E9-B8CD-59DA038B6822}.Debug|Any CPU.Build.0 = Debug|Any CPU
		{37EA85A7-44C5-41E9-B8CD-59DA038B6822}.Release|Any CPU.ActiveCfg = Release|Any CPU
		{37EA85A7-44C5-41E9-B8CD-59DA038B6822}.Release|Any CPU.Build.0 = Release|Any CPU
	EndGlobalSection
	GlobalSection(NestedProjects) = preSolution
		{10428EF3-8BA7-43FC-B667-A8F6C7D3A519} = {1EACC6C0-77AC-4B9E-B5E9-31285AABC480}
		{C19DD816-2FD9-46F9-9F1C-60CA4DDA7D64} = {D3F7B243-B2ED-4C85-A752-3F0816663336}
		{37EA85A7-44C5-41E9-B8CD-59DA038B6822} = {51D6BA9E-0009-4F2E-B3D5-6565B125230E}
	EndGlobalSection
EndGlobal
